// !$*UTF8*$!
{
	archiveVersion = 1;
	classes = {
	};
	objectVersion = 50;
	objects = {

/* Begin PBXBuildFile section */
		A8DC8B2C20F8BAB100A2E0AA /* AppDelegate.m in Sources */ = {isa = PBXBuildFile; fileRef = A8DC8B2B20F8BAB100A2E0AA /* AppDelegate.m */; };
		A8DC8B2F20F8BAB100A2E0AA /* ViewController.m in Sources */ = {isa = PBXBuildFile; fileRef = A8DC8B2E20F8BAB100A2E0AA /* ViewController.m */; };
		A8DC8B3220F8BAB100A2E0AA /* Main.storyboard in Resources */ = {isa = PBXBuildFile; fileRef = A8DC8B3020F8BAB100A2E0AA /* Main.storyboard */; };
		A8DC8B3420F8BAB200A2E0AA /* Assets.xcassets in Resources */ = {isa = PBXBuildFile; fileRef = A8DC8B3320F8BAB200A2E0AA /* Assets.xcassets */; };
		A8DC8B3720F8BAB200A2E0AA /* LaunchScreen.storyboard in Resources */ = {isa = PBXBuildFile; fileRef = A8DC8B3520F8BAB200A2E0AA /* LaunchScreen.storyboard */; };
		A8DC8B3A20F8BAB200A2E0AA /* main.m in Sources */ = {isa = PBXBuildFile; fileRef = A8DC8B3920F8BAB200A2E0AA /* main.m */; };
		A8DC8B4420F8BAB300A2E0AA /* LTFirstPublicPod_DemoTests.m in Sources */ = {isa = PBXBuildFile; fileRef = A8DC8B4320F8BAB300A2E0AA /* LTFirstPublicPod_DemoTests.m */; };
		A8DC8B4F20F8BAB300A2E0AA /* LTFirstPublicPod_DemoUITests.m in Sources */ = {isa = PBXBuildFile; fileRef = A8DC8B4E20F8BAB300A2E0AA /* LTFirstPublicPod_DemoUITests.m */; };
		A8DC8B6020F8BB0E00A2E0AA /* firstPodClass.m in Sources */ = {isa = PBXBuildFile; fileRef = A8DC8B5F20F8BB0E00A2E0AA /* firstPodClass.m */; };
/* End PBXBuildFile section */

/* Begin PBXContainerItemProxy section */
		A8DC8B4020F8BAB200A2E0AA /* PBXContainerItemProxy */ = {
			isa = PBXContainerItemProxy;
			containerPortal = A8DC8B1F20F8BAB100A2E0AA /* Project object */;
			proxyType = 1;
			remoteGlobalIDString = A8DC8B2620F8BAB100A2E0AA;
			remoteInfo = LTFirstPublicPod_Demo;
		};
		A8DC8B4B20F8BAB300A2E0AA /* PBXContainerItemProxy */ = {
			isa = PBXContainerItemProxy;
			containerPortal = A8DC8B1F20F8BAB100A2E0AA /* Project object */;
			proxyType = 1;
			remoteGlobalIDString = A8DC8B2620F8BAB100A2E0AA;
			remoteInfo = LTFirstPublicPod_Demo;
		};
/* End PBXContainerItemProxy section */

/* Begin PBXFileReference section */
		A8DC8B2720F8BAB100A2E0AA /* LTFirstPublicPod_Demo.app */ = {isa = PBXFileReference; explicitFileType = wrapper.application; includeInIndex = 0; path = LTFirstPublicPod_Demo.app; sourceTree = BUILT_PRODUCTS_DIR; };
		A8DC8B2A20F8BAB100A2E0AA /* AppDelegate.h */ = {isa = PBXFileReference; lastKnownFileType = sourcecode.c.h; path = AppDelegate.h; sourceTree = "<group>"; };
		A8DC8B2B20F8BAB100A2E0AA /* AppDelegate.m */ = {isa = PBXFileReference; lastKnownFileType = sourcecode.c.objc; path = AppDelegate.m; sourceTree = "<group>"; };
		A8DC8B2D20F8BAB100A2E0AA /* ViewController.h */ = {isa = PBXFileReference; lastKnownFileType = sourcecode.c.h; path = ViewController.h; sourceTree = "<group>"; };
		A8DC8B2E20F8BAB100A2E0AA /* ViewController.m */ = {isa = PBXFileReference; lastKnownFileType = sourcecode.c.objc; path = ViewController.m; sourceTree = "<group>"; };
		A8DC8B3120F8BAB100A2E0AA /* Base */ = {isa = PBXFileReference; lastKnownFileType = file.storyboard; name = Base; path = Base.lproj/Main.storyboard; sourceTree = "<group>"; };
		A8DC8B3320F8BAB200A2E0AA /* Assets.xcassets */ = {isa = PBXFileReference; lastKnownFileType = folder.assetcatalog; path = Assets.xcassets; sourceTree = "<group>"; };
		A8DC8B3620F8BAB200A2E0AA /* Base */ = {isa = PBXFileReference; lastKnownFileType = file.storyboard; name = Base; path = Base.lproj/LaunchScreen.storyboard; sourceTree = "<group>"; };
		A8DC8B3820F8BAB200A2E0AA /* Info.plist */ = {isa = PBXFileReference; lastKnownFileType = text.plist.xml; path = Info.plist; sourceTree = "<group>"; };
		A8DC8B3920F8BAB200A2E0AA /* main.m */ = {isa = PBXFileReference; lastKnownFileType = sourcecode.c.objc; path = main.m; sourceTree = "<group>"; };
		A8DC8B3F20F8BAB200A2E0AA /* LTFirstPublicPod_DemoTests.xctest */ = {isa = PBXFileReference; explicitFileType = wrapper.cfbundle; includeInIndex = 0; path = LTFirstPublicPod_DemoTests.xctest; sourceTree = BUILT_PRODUCTS_DIR; };
		A8DC8B4320F8BAB300A2E0AA /* LTFirstPublicPod_DemoTests.m */ = {isa = PBXFileReference; lastKnownFileType = sourcecode.c.objc; path = LTFirstPublicPod_DemoTests.m; sourceTree = "<group>"; };
		A8DC8B4520F8BAB300A2E0AA /* Info.plist */ = {isa = PBXFileReference; lastKnownFileType = text.plist.xml; path = Info.plist; sourceTree = "<group>"; };
		A8DC8B4A20F8BAB300A2E0AA /* LTFirstPublicPod_DemoUITests.xctest */ = {isa = PBXFileReference; explicitFileType = wrapper.cfbundle; includeInIndex = 0; path = LTFirstPublicPod_DemoUITests.xctest; sourceTree = BUILT_PRODUCTS_DIR; };
		A8DC8B4E20F8BAB300A2E0AA /* LTFirstPublicPod_DemoUITests.m */ = {isa = PBXFileReference; lastKnownFileType = sourcecode.c.objc; path = LTFirstPublicPod_DemoUITests.m; sourceTree = "<group>"; };
		A8DC8B5020F8BAB300A2E0AA /* Info.plist */ = {isa = PBXFileReference; lastKnownFileType = text.plist.xml; path = Info.plist; sourceTree = "<group>"; };
		A8DC8B5E20F8BB0E00A2E0AA /* firstPodClass.h */ = {isa = PBXFileReference; lastKnownFileType = sourcecode.c.h; path = firstPodClass.h; sourceTree = "<group>"; };
		A8DC8B5F20F8BB0E00A2E0AA /* firstPodClass.m */ = {isa = PBXFileReference; lastKnownFileType = sourcecode.c.objc; path = firstPodClass.m; sourceTree = "<group>"; };
/* End PBXFileReference section */

/* Begin PBXFrameworksBuildPhase section */
		A8DC8B2420F8BAB100A2E0AA /* Frameworks */ = {
			isa = PBXFrameworksBuildPhase;
			buildActionMask = 2147483647;
			files = (
			);
			runOnlyForDeploymentPostprocessing = 0;
		};
		A8DC8B3C20F8BAB200A2E0AA /* Frameworks */ = {
			isa = PBXFrameworksBuildPhase;
			buildActionMask = 2147483647;
			files = (
			);
			runOnlyForDeploymentPostprocessing = 0;
		};
		A8DC8B4720F8BAB300A2E0AA /* Frameworks */ = {
			isa = PBXFrameworksBuildPhase;
			buildActionMask = 2147483647;
			files = (
			);
			runOnlyForDeploymentPostprocessing = 0;
		};
/* End PBXFrameworksBuildPhase section */

/* Begin PBXGroup section */
		A8DC8B1E20F8BAB100A2E0AA = {
			isa = PBXGroup;
			children = (
				A8DC8B5D20F8BAE700A2E0AA /* LTFirstPublicPod */,
				A8DC8B2920F8BAB100A2E0AA /* LTFirstPublicPod_Demo */,
				A8DC8B4220F8BAB200A2E0AA /* LTFirstPublicPod_DemoTests */,
				A8DC8B4D20F8BAB300A2E0AA /* LTFirstPublicPod_DemoUITests */,
				A8DC8B2820F8BAB100A2E0AA /* Products */,
			);
			sourceTree = "<group>";
		};
		A8DC8B2820F8BAB100A2E0AA /* Products */ = {
			isa = PBXGroup;
			children = (
				A8DC8B2720F8BAB100A2E0AA /* LTFirstPublicPod_Demo.app */,
				A8DC8B3F20F8BAB200A2E0AA /* LTFirstPublicPod_DemoTests.xctest */,
				A8DC8B4A20F8BAB300A2E0AA /* LTFirstPublicPod_DemoUITests.xctest */,
			);
			name = Products;
			sourceTree = "<group>";
		};
		A8DC8B2920F8BAB100A2E0AA /* LTFirstPublicPod_Demo */ = {
			isa = PBXGroup;
			children = (
				A8DC8B2A20F8BAB100A2E0AA /* AppDelegate.h */,
				A8DC8B2B20F8BAB100A2E0AA /* AppDelegate.m */,
				A8DC8B2D20F8BAB100A2E0AA /* ViewController.h */,
				A8DC8B2E20F8BAB100A2E0AA /* ViewController.m */,
				A8DC8B3020F8BAB100A2E0AA /* Main.storyboard */,
				A8DC8B3320F8BAB200A2E0AA /* Assets.xcassets */,
				A8DC8B3520F8BAB200A2E0AA /* LaunchScreen.storyboard */,
				A8DC8B3820F8BAB200A2E0AA /* Info.plist */,
				A8DC8B3920F8BAB200A2E0AA /* main.m */,
			);
			path = LTFirstPublicPod_Demo;
			sourceTree = "<group>";
		};
		A8DC8B4220F8BAB200A2E0AA /* LTFirstPublicPod_DemoTests */ = {
			isa = PBXGroup;
			children = (
				A8DC8B4320F8BAB300A2E0AA /* LTFirstPublicPod_DemoTests.m */,
				A8DC8B4520F8BAB300A2E0AA /* Info.plist */,
			);
			path = LTFirstPublicPod_DemoTests;
			sourceTree = "<group>";
		};
		A8DC8B4D20F8BAB300A2E0AA /* LTFirstPublicPod_DemoUITests */ = {
			isa = PBXGroup;
			children = (
				A8DC8B4E20F8BAB300A2E0AA /* LTFirstPublicPod_DemoUITests.m */,
				A8DC8B5020F8BAB300A2E0AA /* Info.plist */,
			);
			path = LTFirstPublicPod_DemoUITests;
			sourceTree = "<group>";
		};
		A8DC8B5D20F8BAE700A2E0AA /* LTFirstPublicPod */ = {
			isa = PBXGroup;
			children = (
				A8DC8B5E20F8BB0E00A2E0AA /* firstPodClass.h */,
				A8DC8B5F20F8BB0E00A2E0AA /* firstPodClass.m */,
			);
			path = LTFirstPublicPod;
			sourceTree = "<group>";
		};
/* End PBXGroup section */

/* Begin PBXNativeTarget section */
		A8DC8B2620F8BAB100A2E0AA /* LTFirstPublicPod_Demo */ = {
			isa = PBXNativeTarget;
			buildConfigurationList = A8DC8B5320F8BAB300A2E0AA /* Build configuration list for PBXNativeTarget "LTFirstPublicPod_Demo" */;
			buildPhases = (
				A8DC8B2320F8BAB100A2E0AA /* Sources */,
				A8DC8B2420F8BAB100A2E0AA /* Frameworks */,
				A8DC8B2520F8BAB100A2E0AA /* Resources */,
			);
			buildRules = (
			);
			dependencies = (
			);
			name = LTFirstPublicPod_Demo;
			productName = LTFirstPublicPod_Demo;
			productReference = A8DC8B2720F8BAB100A2E0AA /* LTFirstPublicPod_Demo.app */;
			productType = "com.apple.product-type.application";
		};
		A8DC8B3E20F8BAB200A2E0AA /* LTFirstPublicPod_DemoTests */ = {
			isa = PBXNativeTarget;
			buildConfigurationList = A8DC8B5620F8BAB300A2E0AA /* Build configuration list for PBXNativeTarget "LTFirstPublicPod_DemoTests" */;
			buildPhases = (
				A8DC8B3B20F8BAB200A2E0AA /* Sources */,
				A8DC8B3C20F8BAB200A2E0AA /* Frameworks */,
				A8DC8B3D20F8BAB200A2E0AA /* Resources */,
			);
			buildRules = (
			);
			dependencies = (
				A8DC8B4120F8BAB200A2E0AA /* PBXTargetDependency */,
			);
			name = LTFirstPublicPod_DemoTests;
			productName = LTFirstPublicPod_DemoTests;
			productReference = A8DC8B3F20F8BAB200A2E0AA /* LTFirstPublicPod_DemoTests.xctest */;
			productType = "com.apple.product-type.bundle.unit-test";
		};
		A8DC8B4920F8BAB300A2E0AA /* LTFirstPublicPod_DemoUITests */ = {
			isa = PBXNativeTarget;
			buildConfigurationList = A8DC8B5920F8BAB300A2E0AA /* Build configuration list for PBXNativeTarget "LTFirstPublicPod_DemoUITests" */;
			buildPhases = (
				A8DC8B4620F8BAB300A2E0AA /* Sources */,
				A8DC8B4720F8BAB300A2E0AA /* Frameworks */,
				A8DC8B4820F8BAB300A2E0AA /* Resources */,
			);
			buildRules = (
			);
			dependencies = (
				A8DC8B4C20F8BAB300A2E0AA /* PBXTargetDependency */,
			);
			name = LTFirstPublicPod_DemoUITests;
			productName = LTFirstPublicPod_DemoUITests;
			productReference = A8DC8B4A20F8BAB300A2E0AA /* LTFirstPublicPod_DemoUITests.xctest */;
			productType = "com.apple.product-type.bundle.ui-testing";
		};
/* End PBXNativeTarget section */

/* Begin PBXProject section */
		A8DC8B1F20F8BAB100A2E0AA /* Project object */ = {
			isa = PBXProject;
			attributes = {
				LastUpgradeCheck = 0940;
				ORGANIZATIONNAME = "刘通";
				TargetAttributes = {
					A8DC8B2620F8BAB100A2E0AA = {
						CreatedOnToolsVersion = 9.4.1;
					};
					A8DC8B3E20F8BAB200A2E0AA = {
						CreatedOnToolsVersion = 9.4.1;
						TestTargetID = A8DC8B2620F8BAB100A2E0AA;
					};
					A8DC8B4920F8BAB300A2E0AA = {
						CreatedOnToolsVersion = 9.4.1;
						TestTargetID = A8DC8B2620F8BAB100A2E0AA;
					};
				};
			};
			buildConfigurationList = A8DC8B2220F8BAB100A2E0AA /* Build configuration list for PBXProject "LTFirstPublicPod_Demo" */;
			compatibilityVersion = "Xcode 9.3";
			developmentRegion = en;
			hasScannedForEncodings = 0;
			knownRegions = (
				en,
				Base,
			);
			mainGroup = A8DC8B1E20F8BAB100A2E0AA;
			productRefGroup = A8DC8B2820F8BAB100A2E0AA /* Products */;
			projectDirPath = "";
			projectRoot = "";
			targets = (
				A8DC8B2620F8BAB100A2E0AA /* LTFirstPublicPod_Demo */,
				A8DC8B3E20F8BAB200A2E0AA /* LTFirstPublicPod_DemoTests */,
				A8DC8B4920F8BAB300A2E0AA /* LTFirstPublicPod_DemoUITests */,
			);
		};
/* End PBXProject section */

/* Begin PBXResourcesBuildPhase section */
		A8DC8B2520F8BAB100A2E0AA /* Resources */ = {
			isa = PBXResourcesBuildPhase;
			buildActionMask = 2147483647;
			files = (
				A8DC8B3720F8BAB200A2E0AA /* LaunchScreen.storyboard in Resources */,
				A8DC8B3420F8BAB200A2E0AA /* Assets.xcassets in Resources */,
				A8DC8B3220F8BAB100A2E0AA /* Main.storyboard in Resources */,
			);
			runOnlyForDeploymentPostprocessing = 0;
		};
		A8DC8B3D20F8BAB200A2E0AA /* Resources */ = {
			isa = PBXResourcesBuildPhase;
			buildActionMask = 2147483647;
			files = (
			);
			runOnlyForDeploymentPostprocessing = 0;
		};
		A8DC8B4820F8BAB300A2E0AA /* Resources */ = {
			isa = PBXResourcesBuildPhase;
			buildActionMask = 2147483647;
			files = (
			);
			runOnlyForDeploymentPostprocessing = 0;
		};
/* End PBXResourcesBuildPhase section */

/* Begin PBXSourcesBuildPhase section */
		A8DC8B2320F8BAB100A2E0AA /* Sources */ = {
			isa = PBXSourcesBuildPhase;
			buildActionMask = 2147483647;
			files = (
				A8DC8B2F20F8BAB100A2E0AA /* ViewController.m in Sources */,
				A8DC8B3A20F8BAB200A2E0AA /* main.m in Sources */,
				A8DC8B2C20F8BAB100A2E0AA /* AppDelegate.m in Sources */,
				A8DC8B6020F8BB0E00A2E0AA /* firstPodClass.m in Sources */,
			);
			runOnlyForDeploymentPostprocessing = 0;
		};
		A8DC8B3B20F8BAB200A2E0AA /* Sources */ = {
			isa = PBXSourcesBuildPhase;
			buildActionMask = 2147483647;
			files = (
				A8DC8B4420F8BAB300A2E0AA /* LTFirstPublicPod_DemoTests.m in Sources */,
			);
			runOnlyForDeploymentPostprocessing = 0;
		};
		A8DC8B4620F8BAB300A2E0AA /* Sources */ = {
			isa = PBXSourcesBuildPhase;
			buildActionMask = 2147483647;
			files = (
				A8DC8B4F20F8BAB300A2E0AA /* LTFirstPublicPod_DemoUITests.m in Sources */,
			);
			runOnlyForDeploymentPostprocessing = 0;
		};
/* End PBXSourcesBuildPhase section */

/* Begin PBXTargetDependency section */
		A8DC8B4120F8BAB200A2E0AA /* PBXTargetDependency */ = {
			isa = PBXTargetDependency;
			target = A8DC8B2620F8BAB100A2E0AA /* LTFirstPublicPod_Demo */;
			targetProxy = A8DC8B4020F8BAB200A2E0AA /* PBXContainerItemProxy */;
		};
		A8DC8B4C20F8BAB300A2E0AA /* PBXTargetDependency */ = {
			isa = PBXTargetDependency;
			target = A8DC8B2620F8BAB100A2E0AA /* LTFirstPublicPod_Demo */;
			targetProxy = A8DC8B4B20F8BAB300A2E0AA /* PBXContainerItemProxy */;
		};
/* End PBXTargetDependency section */

/* Begin PBXVariantGroup section */
		A8DC8B3020F8BAB100A2E0AA /* Main.storyboard */ = {
			isa = PBXVariantGroup;
			children = (
				A8DC8B3120F8BAB100A2E0AA /* Base */,
			);
			name = Main.storyboard;
			sourceTree = "<group>";
		};
		A8DC8B3520F8BAB200A2E0AA /* LaunchScreen.storyboard */ = {
			isa = PBXVariantGroup;
			children = (
				A8DC8B3620F8BAB200A2E0AA /* Base */,
			);
			name = LaunchScreen.storyboard;
			sourceTree = "<group>";
		};
/* End PBXVariantGroup section */

/* Begin XCBuildConfiguration section */
		A8DC8B5120F8BAB300A2E0AA /* Debug */ = {
			isa = XCBuildConfiguration;
			buildSettings = {
				ALWAYS_SEARCH_USER_PATHS = NO;
				CLANG_ANALYZER_NONNULL = YES;
				CLANG_ANALYZER_NUMBER_OBJECT_CONVERSION = YES_AGGRESSIVE;
				CLANG_CXX_LANGUAGE_STANDARD = "gnu++14";
				CLANG_CXX_LIBRARY = "libc++";
				CLANG_ENABLE_MODULES = YES;
				CLANG_ENABLE_OBJC_ARC = YES;
				CLANG_ENABLE_OBJC_WEAK = YES;
				CLANG_WARN_BLOCK_CAPTURE_AUTORELEASING = YES;
				CLANG_WARN_BOOL_CONVERSION = YES;
				CLANG_WARN_COMMA = YES;
				CLANG_WARN_CONSTANT_CONVERSION = YES;
				CLANG_WARN_DEPRECATED_OBJC_IMPLEMENTATIONS = YES;
				CLANG_WARN_DIRECT_OBJC_ISA_USAGE = YES_ERROR;
				CLANG_WARN_DOCUMENTATION_COMMENTS = YES;
				CLANG_WARN_EMPTY_BODY = YES;
				CLANG_WARN_ENUM_CONVERSION = YES;
				CLANG_WARN_INFINITE_RECURSION = YES;
				CLANG_WARN_INT_CONVERSION = YES;
				CLANG_WARN_NON_LITERAL_NULL_CONVERSION = YES;
				CLANG_WARN_OBJC_IMPLICIT_RETAIN_SELF = YES;
				CLANG_WARN_OBJC_LITERAL_CONVERSION = YES;
				CLANG_WARN_OBJC_ROOT_CLASS = YES_ERROR;
				CLANG_WARN_RANGE_LOOP_ANALYSIS = YES;
				CLANG_WARN_STRICT_PROTOTYPES = YES;
				CLANG_WARN_SUSPICIOUS_MOVE = YES;
				CLANG_WARN_UNGUARDED_AVAILABILITY = YES_AGGRESSIVE;
				CLANG_WARN_UNREACHABLE_CODE = YES;
				CLANG_WARN__DUPLICATE_METHOD_MATCH = YES;
				CODE_SIGN_IDENTITY = "iPhone Developer";
				COPY_PHASE_STRIP = NO;
				DEBUG_INFORMATION_FORMAT = dwarf;
				ENABLE_STRICT_OBJC_MSGSEND = YES;
				ENABLE_TESTABILITY = YES;
				GCC_C_LANGUAGE_STANDARD = gnu11;
				GCC_DYNAMIC_NO_PIC = NO;
				GCC_NO_COMMON_BLOCKS = YES;
				GCC_OPTIMIZATION_LEVEL = 0;
				GCC_PREPROCESSOR_DEFINITIONS = (
					"DEBUG=1",
					"$(inherited)",
				);
				GCC_WARN_64_TO_32_BIT_CONVERSION = YES;
				GCC_WARN_ABOUT_RETURN_TYPE = YES_ERROR;
				GCC_WARN_UNDECLARED_SELECTOR = YES;
				GCC_WARN_UNINITIALIZED_AUTOS = YES_AGGRESSIVE;
				GCC_WARN_UNUSED_FUNCTION = YES;
				GCC_WARN_UNUSED_VARIABLE = YES;
				IPHONEOS_DEPLOYMENT_TARGET = 11.4;
				MTL_ENABLE_DEBUG_INFO = YES;
				ONLY_ACTIVE_ARCH = YES;
				SDKROOT = iphoneos;
			};
			name = Debug;
		};
		A8DC8B5220F8BAB300A2E0AA /* Release */ = {
			isa = XCBuildConfiguration;
			buildSettings = {
				ALWAYS_SEARCH_USER_PATHS = NO;
				CLANG_ANALYZER_NONNULL = YES;
				CLANG_ANALYZER_NUMBER_OBJECT_CONVERSION = YES_AGGRESSIVE;
				CLANG_CXX_LANGUAGE_STANDARD = "gnu++14";
				CLANG_CXX_LIBRARY = "libc++";
				CLANG_ENABLE_MODULES = YES;
				CLANG_ENABLE_OBJC_ARC = YES;
				CLANG_ENABLE_OBJC_WEAK = YES;
				CLANG_WARN_BLOCK_CAPTURE_AUTORELEASING = YES;
				CLANG_WARN_BOOL_CONVERSION = YES;
				CLANG_WARN_COMMA = YES;
				CLANG_WARN_CONSTANT_CONVERSION = YES;
				CLANG_WARN_DEPRECATED_OBJC_IMPLEMENTATIONS = YES;
				CLANG_WARN_DIRECT_OBJC_ISA_USAGE = YES_ERROR;
				CLANG_WARN_DOCUMENTATION_COMMENTS = YES;
				CLANG_WARN_EMPTY_BODY = YES;
				CLANG_WARN_ENUM_CONVERSION = YES;
				CLANG_WARN_INFINITE_RECURSION = YES;
				CLANG_WARN_INT_CONVERSION = YES;
				CLANG_WARN_NON_LITERAL_NULL_CONVERSION = YES;
				CLANG_WARN_OBJC_IMPLICIT_RETAIN_SELF = YES;
				CLANG_WARN_OBJC_LITERAL_CONVERSION = YES;
				CLANG_WARN_OBJC_ROOT_CLASS = YES_ERROR;
				CLANG_WARN_RANGE_LOOP_ANALYSIS = YES;
				CLANG_WARN_STRICT_PROTOTYPES = YES;
				CLANG_WARN_SUSPICIOUS_MOVE = YES;
				CLANG_WARN_UNGUARDED_AVAILABILITY = YES_AGGRESSIVE;
				CLANG_WARN_UNREACHABLE_CODE = YES;
				CLANG_WARN__DUPLICATE_METHOD_MATCH = YES;
				CODE_SIGN_IDENTITY = "iPhone Developer";
				COPY_PHASE_STRIP = NO;
				DEBUG_INFORMATION_FORMAT = "dwarf-with-dsym";
				ENABLE_NS_ASSERTIONS = NO;
				ENABLE_STRICT_OBJC_MSGSEND = YES;
				GCC_C_LANGUAGE_STANDARD = gnu11;
				GCC_NO_COMMON_BLOCKS = YES;
				GCC_WARN_64_TO_32_BIT_CONVERSION = YES;
				GCC_WARN_ABOUT_RETURN_TYPE = YES_ERROR;
				GCC_WARN_UNDECLARED_SELECTOR = YES;
				GCC_WARN_UNINITIALIZED_AUTOS = YES_AGGRESSIVE;
				GCC_WARN_UNUSED_FUNCTION = YES;
				GCC_WARN_UNUSED_VARIABLE = YES;
				IPHONEOS_DEPLOYMENT_TARGET = 11.4;
				MTL_ENABLE_DEBUG_INFO = NO;
				SDKROOT = iphoneos;
				VALIDATE_PRODUCT = YES;
			};
			name = Release;
		};
		A8DC8B5420F8BAB300A2E0AA /* Debug */ = {
			isa = XCBuildConfiguration;
			buildSettings = {
				ASSETCATALOG_COMPILER_APPICON_NAME = AppIcon;
				CODE_SIGN_STYLE = Automatic;
				DEVELOPMENT_TEAM = 7L8859JS3T;
				INFOPLIST_FILE = LTFirstPublicPod_Demo/Info.plist;
				LD_RUNPATH_SEARCH_PATHS = (
					"$(inherited)",
					"@executable_path/Frameworks",
				);
				PRODUCT_BUNDLE_IDENTIFIER = "www.alwaycoding.com.LTFirstPublicPod-Demo";
				PRODUCT_NAME = "$(TARGET_NAME)";
				TARGETED_DEVICE_FAMILY = "1,2";
			};
			name = Debug;
		};
		A8DC8B5520F8BAB300A2E0AA /* Release */ = {
			isa = XCBuildConfiguration;
			buildSettings = {
				ASSETCATALOG_COMPILER_APPICON_NAME = AppIcon;
				CODE_SIGN_STYLE = Automatic;
				DEVELOPMENT_TEAM = 7L8859JS3T;
				INFOPLIST_FILE = LTFirstPublicPod_Demo/Info.plist;
				LD_RUNPATH_SEARCH_PATHS = (
					"$(inherited)",
					"@executable_path/Frameworks",
				);
				PRODUCT_BUNDLE_IDENTIFIER = "www.alwaycoding.com.LTFirstPublicPod-Demo";
				PRODUCT_NAME = "$(TARGET_NAME)";
				TARGETED_DEVICE_FAMILY = "1,2";
			};
			name = Release;
		};
		A8DC8B5720F8BAB300A2E0AA /* Debug */ = {
			isa = XCBuildConfiguration;
			buildSettings = {
				BUNDLE_LOADER = "$(TEST_HOST)";
				CODE_SIGN_STYLE = Automatic;
				DEVELOPMENT_TEAM = 7L8859JS3T;
				INFOPLIST_FILE = LTFirstPublicPod_DemoTests/Info.plist;
				LD_RUNPATH_SEARCH_PATHS = (
					"$(inherited)",
					"@executable_path/Frameworks",
					"@loader_path/Frameworks",
				);
				PRODUCT_BUNDLE_IDENTIFIER = "www.alwaycoding.com.LTFirstPublicPod-DemoTests";
				PRODUCT_NAME = "$(TARGET_NAME)";
				TARGETED_DEVICE_FAMILY = "1,2";
				TEST_HOST = "$(BUILT_PRODUCTS_DIR)/LTFirstPublicPod_Demo.app/LTFirstPublicPod_Demo";
			};
			name = Debug;
		};
		A8DC8B5820F8BAB300A2E0AA /* Release */ = {
			isa = XCBuildConfiguration;
			buildSettings = {
				BUNDLE_LOADER = "$(TEST_HOST)";
				CODE_SIGN_STYLE = Automatic;
				DEVELOPMENT_TEAM = 7L8859JS3T;
				INFOPLIST_FILE = LTFirstPublicPod_DemoTests/Info.plist;
				LD_RUNPATH_SEARCH_PATHS = (
					"$(inherited)",
					"@executable_path/Frameworks",
					"@loader_path/Frameworks",
				);
				PRODUCT_BUNDLE_IDENTIFIER = "www.alwaycoding.com.LTFirstPublicPod-DemoTests";
				PRODUCT_NAME = "$(TARGET_NAME)";
				TARGETED_DEVICE_FAMILY = "1,2";
				TEST_HOST = "$(BUILT_PRODUCTS_DIR)/LTFirstPublicPod_Demo.app/LTFirstPublicPod_Demo";
			};
			name = Release;
		};
		A8DC8B5A20F8BAB300A2E0AA /* Debug */ = {
			isa = XCBuildConfiguration;
			buildSettings = {
				CODE_SIGN_STYLE = Automatic;
				DEVELOPMENT_TEAM = 7L8859JS3T;
				INFOPLIST_FILE = LTFirstPublicPod_DemoUITests/Info.plist;
				LD_RUNPATH_SEARCH_PATHS = (
					"$(inherited)",
					"@executable_path/Frameworks",
					"@loader_path/Frameworks",
				);
				PRODUCT_BUNDLE_IDENTIFIER = "www.alwaycoding.com.LTFirstPublicPod-DemoUITests";
				PRODUCT_NAME = "$(TARGET_NAME)";
				TARGETED_DEVICE_FAMILY = "1,2";
				TEST_TARGET_NAME = LTFirstPublicPod_Demo;
			};
			name = Debug;
		};
		A8DC8B5B20F8BAB300A2E0AA /* Release */ = {
			isa = XCBuildConfiguration;
			buildSettings = {
				CODE_SIGN_STYLE = Automatic;
				DEVELOPMENT_TEAM = 7L8859JS3T;
				INFOPLIST_FILE = LTFirstPublicPod_DemoUITests/Info.plist;
				LD_RUNPATH_SEARCH_PATHS = (
					"$(inherited)",
					"@executable_path/Frameworks",
					"@loader_path/Frameworks",
				);
				PRODUCT_BUNDLE_IDENTIFIER = "www.alwaycoding.com.LTFirstPublicPod-DemoUITests";
				PRODUCT_NAME = "$(TARGET_NAME)";
				TARGETED_DEVICE_FAMILY = "1,2";
				TEST_TARGET_NAME = LTFirstPublicPod_Demo;
			};
			name = Release;
		};
/* End XCBuildConfiguration section */

/* Begin XCConfigurationList section */
		A8DC8B2220F8BAB100A2E0AA /* Build configuration list for PBXProject "LTFirstPublicPod_Demo" */ = {
			isa = XCConfigurationList;
			buildConfigurations = (
				A8DC8B5120F8BAB300A2E0AA /* Debug */,
				A8DC8B5220F8BAB300A2E0AA /* Release */,
			);
			defaultConfigurationIsVisible = 0;
			defaultConfigurationName = Release;
		};
		A8DC8B5320F8BAB300A2E0AA /* Build configuration list for PBXNativeTarget "LTFirstPublicPod_Demo" */ = {
			isa = XCConfigurationList;
			buildConfigurations = (
				A8DC8B5420F8BAB300A2E0AA /* Debug */,
				A8DC8B5520F8BAB300A2E0AA /* Release */,
			);
			defaultConfigurationIsVisible = 0;
			defaultConfigurationName = Release;
		};
		A8DC8B5620F8BAB300A2E0AA /* Build configuration list for PBXNativeTarget "LTFirstPublicPod_DemoTests" */ = {
			isa = XCConfigurationList;
			buildConfigurations = (
				A8DC8B5720F8BAB300A2E0AA /* Debug */,
				A8DC8B5820F8BAB300A2E0AA /* Release */,
			);
			defaultConfigurationIsVisible = 0;
			defaultConfigurationName = Release;
		};
		A8DC8B5920F8BAB300A2E0AA /* Build configuration list for PBXNativeTarget "LTFirstPublicPod_DemoUITests" */ = {
			isa = XCConfigurationList;
			buildConfigurations = (
				A8DC8B5A20F8BAB300A2E0AA /* Debug */,
				A8DC8B5B20F8BAB300A2E0AA /* Release */,
			);
			defaultConfigurationIsVisible = 0;
			defaultConfigurationName = Release;
		};
/* End XCConfigurationList section */
	};
	rootObject = A8DC8B1F20F8BAB100A2E0AA /* Project object */;
}
